
Microsoft Visual Studio Solution File, Format Version 12.00
# Visual Studio 15
VisualStudioVersion = 15.0.27130.2027
MinimumVisualStudioVersion = 10.0.40219.1
Project("{2150E333-8FDC-42A3-9474-1A3956D46DE8}") = "ServerRPG", "ServerRPG", "{2207C566-30DB-4746-A0A2-2EA31D008435}"
EndProject
Project("{2150E333-8FDC-42A3-9474-1A3956D46DE8}") = "ClientRPG", "ClientRPG", "{E5830684-FBD8-4BD9-802C-75A28725C76E}"
EndProject
Project("{FAE04EC0-301F-11D3-BF4B-00C04F79EFBC}") = "ServerRPG.Model", "ServerRPG.Model\ServerRPG.Model.csproj", "{7A8E4CCF-5769-4DEF-B661-37C4DDE39487}"
EndProject
Project("{FAE04EC0-301F-11D3-BF4B-00C04F79EFBC}") = "ServerRPG.BusinessLogic", "ServerRPG.BusinessLogic\ServerRPG.BusinessLogic.csproj", "{3BD4FB4B-BD7B-47D9-88E3-773A963DF487}"
EndProject
Project("{FAE04EC0-301F-11D3-BF4B-00C04F79EFBC}") = "ServerRPG.DAL", "ServerRPG.DAL\ServerRPG.DAL.csproj", "{C06288F3-6837-4B45-8ECA-6B4541CDF49D}"
EndProject
Project("{FAE04EC0-301F-11D3-BF4B-00C04F79EFBC}") = "ClientRPG.GUI", "ClientRPG.GUI\ClientRPG.GUI.csproj", "{E7D01E5E-FC9D-4F00-8BF8-B262FC1F8398}"
EndProject
Project("{2150E333-8FDC-42A3-9474-1A3956D46DE8}") = "WebRPG", "WebRPG", "{AFF40C8E-DFB3-4C41-8AAA-2525FFB94715}"
EndProject
Project("{FAE04EC0-301F-11D3-BF4B-00C04F79EFBC}") = "WebRPG.MVC", "WebRPG.MVC\WebRPG.MVC.csproj", "{D43AB5EF-3CBE-43A2-852A-FA19344CD8BD}"
EndProject
Project("{FAE04EC0-301F-11D3-BF4B-00C04F79EFBC}") = "WebRPG.MVC.Tests", "WebRPG.MVC.Tests\WebRPG.MVC.Tests.csproj", "{10A321F4-8931-4A15-A7EA-B74BAC3831B7}"
EndProject
Project("{FAE04EC0-301F-11D3-BF4B-00C04F79EFBC}") = "ServerRPG.Host", "ServerRPG.Host\ServerRPG.Host.csproj", "{3CD1A07B-F25A-47D5-B033-6E71DF22CE23}"
EndProject
Project("{FAE04EC0-301F-11D3-BF4B-00C04F79EFBC}") = "ServerRPG.Server", "ServerRPG.Server\ServerRPG.Server.csproj", "{D759670A-7370-41DF-9006-A7ABE95CF2EF}"
EndProject
Global
	GlobalSection(SolutionConfigurationPlatforms) = preSolution
		Debug|Any CPU = Debug|Any CPU
		Release|Any CPU = Release|Any CPU
	EndGlobalSection
	GlobalSection(ProjectConfigurationPlatforms) = postSolution
		{7A8E4CCF-5769-4DEF-B661-37C4DDE39487}.Debug|Any CPU.ActiveCfg = Debug|Any CPU
		{7A8E4CCF-5769-4DEF-B661-37C4DDE39487}.Debug|Any CPU.Build.0 = Debug|Any CPU
		{7A8E4CCF-5769-4DEF-B661-37C4DDE39487}.Release|Any CPU.ActiveCfg = Release|Any CPU
		{7A8E4CCF-5769-4DEF-B661-37C4DDE39487}.Release|Any CPU.Build.0 = Release|Any CPU
		{3BD4FB4B-BD7B-47D9-88E3-773A963DF487}.Debug|Any CPU.ActiveCfg = Debug|Any CPU
		{3BD4FB4B-BD7B-47D9-88E3-773A963DF487}.Debug|Any CPU.Build.0 = Debug|Any CPU
		{3BD4FB4B-BD7B-47D9-88E3-773A963DF487}.Release|Any CPU.ActiveCfg = Release|Any CPU
		{3BD4FB4B-BD7B-47D9-88E3-773A963DF487}.Release|Any CPU.Build.0 = Release|Any CPU
		{C06288F3-6837-4B45-8ECA-6B4541CDF49D}.Debug|Any CPU.ActiveCfg = Debug|Any CPU
		{C06288F3-6837-4B45-8ECA-6B4541CDF49D}.Debug|Any CPU.Build.0 = Debug|Any CPU
		{C06288F3-6837-4B45-8ECA-6B4541CDF49D}.Release|Any CPU.ActiveCfg = Release|Any CPU
		{C06288F3-6837-4B45-8ECA-6B4541CDF49D}.Release|Any CPU.Build.0 = Release|Any CPU
		{E7D01E5E-FC9D-4F00-8BF8-B262FC1F8398}.Debug|Any CPU.ActiveCfg = Debug|Any CPU
		{E7D01E5E-FC9D-4F00-8BF8-B262FC1F8398}.Debug|Any CPU.Build.0 = Debug|Any CPU
		{E7D01E5E-FC9D-4F00-8BF8-B262FC1F8398}.Release|Any CPU.ActiveCfg = Release|Any CPU
		{E7D01E5E-FC9D-4F00-8BF8-B262FC1F8398}.Release|Any CPU.Build.0 = Release|Any CPU
		{D43AB5EF-3CBE-43A2-852A-FA19344CD8BD}.Debug|Any CPU.ActiveCfg = Debug|Any CPU
		{D43AB5EF-3CBE-43A2-852A-FA19344CD8BD}.Debug|Any CPU.Build.0 = Debug|Any CPU
		{D43AB5EF-3CBE-43A2-852A-FA19344CD8BD}.Release|Any CPU.ActiveCfg = Release|Any CPU
		{D43AB5EF-3CBE-43A2-852A-FA19344CD8BD}.Release|Any CPU.Build.0 = Release|Any CPU
		{10A321F4-8931-4A15-A7EA-B74BAC3831B7}.Debug|Any CPU.ActiveCfg = Debug|Any CPU
		{10A321F4-8931-4A15-A7EA-B74BAC3831B7}.Debug|Any CPU.Build.0 = Debug|Any CPU
		{10A321F4-8931-4A15-A7EA-B74BAC3831B7}.Release|Any CPU.ActiveCfg = Release|Any CPU
		{10A321F4-8931-4A15-A7EA-B74BAC3831B7}.Release|Any CPU.Build.0 = Release|Any CPU
		{3CD1A07B-F25A-47D5-B033-6E71DF22CE23}.Debug|Any CPU.ActiveCfg = Debug|Any CPU
		{3CD1A07B-F25A-47D5-B033-6E71DF22CE23}.Debug|Any CPU.Build.0 = Debug|Any CPU
		{3CD1A07B-F25A-47D5-B033-6E71DF22CE23}.Release|Any CPU.ActiveCfg = Release|Any CPU
		{3CD1A07B-F25A-47D5-B033-6E71DF22CE23}.Release|Any CPU.Build.0 = Release|Any CPU
		{D759670A-7370-41DF-9006-A7ABE95CF2EF}.Debug|Any CPU.ActiveCfg = Debug|Any CPU
		{D759670A-7370-41DF-9006-A7ABE95CF2EF}.Debug|Any CPU.Build.0 = Debug|Any CPU
		{D759670A-7370-41DF-9006-A7ABE95CF2EF}.Release|Any CPU.ActiveCfg = Release|Any CPU
		{D759670A-7370-41DF-9006-A7ABE95CF2EF}.Release|Any CPU.Build.0 = Release|Any CPU
	EndGlobalSection
	GlobalSection(SolutionProperties) = preSolution
		HideSolutionNode = FALSE
	EndGlobalSection
	GlobalSection(NestedProjects) = preSolution
		{7A8E4CCF-5769-4DEF-B661-37C4DDE39487} = {2207C566-30DB-4746-A0A2-2EA31D008435}
		{3BD4FB4B-BD7B-47D9-88E3-773A963DF487} = {2207C566-30DB-4746-A0A2-2EA31D008435}
		{C06288F3-6837-4B45-8ECA-6B4541CDF49D} = {2207C566-30DB-4746-A0A2-2EA31D008435}
		{E7D01E5E-FC9D-4F00-8BF8-B262FC1F8398} = {E5830684-FBD8-4BD9-802C-75A28725C76E}
		{D43AB5EF-3CBE-43A2-852A-FA19344CD8BD} = {AFF40C8E-DFB3-4C41-8AAA-2525FFB94715}
		{10A321F4-8931-4A15-A7EA-B74BAC3831B7} = {AFF40C8E-DFB3-4C41-8AAA-2525FFB94715}
		{3CD1A07B-F25A-47D5-B033-6E71DF22CE23} = {2207C566-30DB-4746-A0A2-2EA31D008435}
		{D759670A-7370-41DF-9006-A7ABE95CF2EF} = {2207C566-30DB-4746-A0A2-2EA31D008435}
	EndGlobalSection
	GlobalSection(ExtensibilityGlobals) = postSolution
		SolutionGuid = {27C236BC-6A6B-4D0F-8E10-20838F109340}
	EndGlobalSection
EndGlobal
